
Microsoft Visual Studio Solution File, Format Version 12.00
# Visual Studio Version 17
VisualStudioVersion = 17.8.34330.188
MinimumVisualStudioVersion = 10.0.40219.1
Project("{FAE04EC0-301F-11D3-BF4B-00C04F79EFBC}") = "egzKostki.Android", "egzKostki\egzKostki.Android\egzKostki.Android.csproj", "{0E468F93-48BD-4D12-BB72-DDA61119E00A}"
EndProject
Project("{FAE04EC0-301F-11D3-BF4B-00C04F79EFBC}") = "egzKostki", "egzKostki\egzKostki\egzKostki.csproj", "{B271E464-3D87-4B6C-B6E0-4890D6642F18}"
EndProject
Global
	GlobalSection(SolutionConfigurationPlatforms) = preSolution
		Debug|Any CPU = Debug|Any CPU
		Release|Any CPU = Release|Any CPU
	EndGlobalSection
	GlobalSection(ProjectConfigurationPlatforms) = postSolution
		{0E468F93-48BD-4D12-BB72-DDA61119E00A}.Debug|Any CPU.ActiveCfg = Debug|Any CPU
		{0E468F93-48BD-4D12-BB72-DDA61119E00A}.Debug|Any CPU.Build.0 = Debug|Any CPU
		{0E468F93-48BD-4D12-BB72-DDA61119E00A}.Debug|Any CPU.Deploy.0 = Debug|Any CPU
		{0E468F93-48BD-4D12-BB72-DDA61119E00A}.Release|Any CPU.ActiveCfg = Release|Any CPU
		{0E468F93-48BD-4D12-BB72-DDA61119E00A}.Release|Any CPU.Build.0 = Release|Any CPU
		{0E468F93-48BD-4D12-BB72-DDA61119E00A}.Release|Any CPU.Deploy.0 = Release|Any CPU
		{B271E464-3D87-4B6C-B6E0-4890D6642F18}.Debug|Any CPU.ActiveCfg = Debug|Any CPU
		{B271E464-3D87-4B6C-B6E0-4890D6642F18}.Debug|Any CPU.Build.0 = Debug|Any CPU
		{B271E464-3D87-4B6C-B6E0-4890D6642F18}.Debug|Any CPU.Deploy.0 = Debug|Any CPU
		{B271E464-3D87-4B6C-B6E0-4890D6642F18}.Release|Any CPU.ActiveCfg = Release|Any CPU
		{B271E464-3D87-4B6C-B6E0-4890D6642F18}.Release|Any CPU.Build.0 = Release|Any CPU
		{B271E464-3D87-4B6C-B6E0-4890D6642F18}.Release|Any CPU.Deploy.0 = Release|Any CPU
	EndGlobalSection
	GlobalSection(SolutionProperties) = preSolution
		HideSolutionNode = FALSE
	EndGlobalSection
	GlobalSection(ExtensibilityGlobals) = postSolution
		SolutionGuid = {807BFF44-5D89-4933-BCFE-B24EF6E96C6C}
	EndGlobalSection
EndGlobal
